
Microsoft Visual Studio Solution File, Format Version 12.00
# Visual Studio Express 2012 for Web
Project("{FAE04EC0-301F-11D3-BF4B-00C04F79EFBC}") = "api_electronia_articulos", "api_electronia_articulos\api_electronia_articulos.csproj", "{23FBEC2E-5017-4BBD-B5E1-8845DD4FFA8A}"
EndProject
Project("{CC5FD16D-436D-48AD-A40C-5A424C6E3E79}") = "api.detocho.com.mx", "api.detocho.com.mx\api.detocho.com.mx.ccproj", "{75936755-2D90-416B-A432-7DE63418C1FE}"
EndProject
Project("{FAE04EC0-301F-11D3-BF4B-00C04F79EFBC}") = "webApiRol", "webApiRol\webApiRol.csproj", "{8801CE32-1A4D-4BAE-9068-E75C23230C8C}"
EndProject
Global
	GlobalSection(SolutionConfigurationPlatforms) = preSolution
		Debug|Any CPU = Debug|Any CPU
		Release|Any CPU = Release|Any CPU
	EndGlobalSection
	GlobalSection(ProjectConfigurationPlatforms) = postSolution
		{23FBEC2E-5017-4BBD-B5E1-8845DD4FFA8A}.Debug|Any CPU.ActiveCfg = Debug|Any CPU
		{23FBEC2E-5017-4BBD-B5E1-8845DD4FFA8A}.Debug|Any CPU.Build.0 = Debug|Any CPU
		{23FBEC2E-5017-4BBD-B5E1-8845DD4FFA8A}.Release|Any CPU.ActiveCfg = Release|Any CPU
		{23FBEC2E-5017-4BBD-B5E1-8845DD4FFA8A}.Release|Any CPU.Build.0 = Release|Any CPU
		{75936755-2D90-416B-A432-7DE63418C1FE}.Debug|Any CPU.ActiveCfg = Debug|Any CPU
		{75936755-2D90-416B-A432-7DE63418C1FE}.Debug|Any CPU.Build.0 = Debug|Any CPU
		{75936755-2D90-416B-A432-7DE63418C1FE}.Release|Any CPU.ActiveCfg = Release|Any CPU
		{75936755-2D90-416B-A432-7DE63418C1FE}.Release|Any CPU.Build.0 = Release|Any CPU
		{8801CE32-1A4D-4BAE-9068-E75C23230C8C}.Debug|Any CPU.ActiveCfg = Debug|Any CPU
		{8801CE32-1A4D-4BAE-9068-E75C23230C8C}.Debug|Any CPU.Build.0 = Debug|Any CPU
		{8801CE32-1A4D-4BAE-9068-E75C23230C8C}.Release|Any CPU.ActiveCfg = Release|Any CPU
		{8801CE32-1A4D-4BAE-9068-E75C23230C8C}.Release|Any CPU.Build.0 = Release|Any CPU
	EndGlobalSection
	GlobalSection(SolutionProperties) = preSolution
		HideSolutionNode = FALSE
	EndGlobalSection
EndGlobal
